
Microsoft Visual Studio Solution File, Format Version 12.00
# Visual Studio 15
VisualStudioVersion = 15.0.26730.16
MinimumVisualStudioVersion = 10.0.40219.1
Project("{8BC9CEB8-8B4A-11D0-8D11-00A0C91BC942}") = "Homework4", "Homework4\Homework4.vcxproj", "{0BF0036A-5AD9-45B4-85FB-BA889789B080}"
EndProject
Global
	GlobalSection(SolutionConfigurationPlatforms) = preSolution
		Debug|x64 = Debug|x64
		Debug|x86 = Debug|x86
		Release|x64 = Release|x64
		Release|x86 = Release|x86
	EndGlobalSection
	GlobalSection(ProjectConfigurationPlatforms) = postSolution
		{0BF0036A-5AD9-45B4-85FB-BA889789B080}.Debug|x64.ActiveCfg = Debug|x64
		{0BF0036A-5AD9-45B4-85FB-BA889789B080}.Debug|x64.Build.0 = Debug|x64
		{0BF0036A-5AD9-45B4-85FB-BA889789B080}.Debug|x86.ActiveCfg = Debug|Win32
		{0BF0036A-5AD9-45B4-85FB-BA889789B080}.Debug|x86.Build.0 = Debug|Win32
		{0BF0036A-5AD9-45B4-85FB-BA889789B080}.Release|x64.ActiveCfg = Release|x64
		{0BF0036A-5AD9-45B4-85FB-BA889789B080}.Release|x64.Build.0 = Release|x64
		{0BF0036A-5AD9-45B4-85FB-BA889789B080}.Release|x86.ActiveCfg = Release|Win32
		{0BF0036A-5AD9-45B4-85FB-BA889789B080}.Release|x86.Build.0 = Release|Win32
	EndGlobalSection
	GlobalSection(SolutionProperties) = preSolution
		HideSolutionNode = FALSE
	EndGlobalSection
	GlobalSection(ExtensibilityGlobals) = postSolution
		SolutionGuid = {1173A321-E2A2-4487-ACC9-29AD12463A76}
	EndGlobalSection
EndGlobal
